// !$*UTF8*$!
{
	archiveVersion = 1;
	classes = {
	};
	objectVersion = 56;
	objects = {

/* Begin PBXBuildFile section */
		22FFC0E477DECEC2924A07E7 /* Pods_FireChat.framework in Frameworks */ = {isa = PBXBuildFile; fileRef = 440DAA682AA09F367A6AA9DD /* Pods_FireChat.framework */; };
		750A12E12A726DF80043CE5F /* AuthService.swift in Sources */ = {isa = PBXBuildFile; fileRef = 750A12E02A726DF80043CE5F /* AuthService.swift */; };
		7531C4ED2A822DFA0058954F /* Message.swift in Sources */ = {isa = PBXBuildFile; fileRef = 7531C4EC2A822DFA0058954F /* Message.swift */; };
		7531C4EF2A82463A0058954F /* MessageViewModel.swift in Sources */ = {isa = PBXBuildFile; fileRef = 7531C4EE2A82463A0058954F /* MessageViewModel.swift */; };
		7532A70F2A73AC4700163DC4 /* GoogleService-Info.plist in Resources */ = {isa = PBXBuildFile; fileRef = 7532A70E2A73AC4700163DC4 /* GoogleService-Info.plist */; };
		7532A7112A73B37C00163DC4 /* NewMessageController.swift in Sources */ = {isa = PBXBuildFile; fileRef = 7532A7102A73B37C00163DC4 /* NewMessageController.swift */; };
		75487E642A6E5F8700846CE3 /* LoginViewModel.swift in Sources */ = {isa = PBXBuildFile; fileRef = 75487E632A6E5F8700846CE3 /* LoginViewModel.swift */; };
		75487E662A6E783500846CE3 /* RegistrationViewModel.swift in Sources */ = {isa = PBXBuildFile; fileRef = 75487E652A6E783500846CE3 /* RegistrationViewModel.swift */; };
		754DB2DC2A65225000FC12A8 /* AppDelegate.swift in Sources */ = {isa = PBXBuildFile; fileRef = 754DB2DB2A65225000FC12A8 /* AppDelegate.swift */; };
		754DB2DE2A65225000FC12A8 /* SceneDelegate.swift in Sources */ = {isa = PBXBuildFile; fileRef = 754DB2DD2A65225000FC12A8 /* SceneDelegate.swift */; };
		754DB2E02A65225000FC12A8 /* ViewController.swift in Sources */ = {isa = PBXBuildFile; fileRef = 754DB2DF2A65225000FC12A8 /* ViewController.swift */; };
		754DB2E32A65225000FC12A8 /* Main.storyboard in Resources */ = {isa = PBXBuildFile; fileRef = 754DB2E12A65225000FC12A8 /* Main.storyboard */; };
		754DB2E52A65225100FC12A8 /* Assets.xcassets in Resources */ = {isa = PBXBuildFile; fileRef = 754DB2E42A65225100FC12A8 /* Assets.xcassets */; };
		754DB2E82A65225100FC12A8 /* LaunchScreen.storyboard in Resources */ = {isa = PBXBuildFile; fileRef = 754DB2E62A65225100FC12A8 /* LaunchScreen.storyboard */; };
		754DB2F32A65225200FC12A8 /* FireChatTests.swift in Sources */ = {isa = PBXBuildFile; fileRef = 754DB2F22A65225200FC12A8 /* FireChatTests.swift */; };
		754DB2FD2A65225200FC12A8 /* FireChatUITests.swift in Sources */ = {isa = PBXBuildFile; fileRef = 754DB2FC2A65225200FC12A8 /* FireChatUITests.swift */; };
		754DB2FF2A65225200FC12A8 /* FireChatUITestsLaunchTests.swift in Sources */ = {isa = PBXBuildFile; fileRef = 754DB2FE2A65225200FC12A8 /* FireChatUITestsLaunchTests.swift */; };
		754DB3122A652FA300FC12A8 /* ConversationController.swift in Sources */ = {isa = PBXBuildFile; fileRef = 754DB3112A652FA300FC12A8 /* ConversationController.swift */; };
		75523D7A2A7BBDC30015532E /* ChatController.swift in Sources */ = {isa = PBXBuildFile; fileRef = 75523D792A7BBDC30015532E /* ChatController.swift */; };
		756ACC7B2A80EAB6004D1D19 /* CustomInputAccesoryView.swift in Sources */ = {isa = PBXBuildFile; fileRef = 756ACC7A2A80EAB5004D1D19 /* CustomInputAccesoryView.swift */; };
		756ACC7D2A81075D004D1D19 /* MessageCell.swift in Sources */ = {isa = PBXBuildFile; fileRef = 756ACC7C2A81075D004D1D19 /* MessageCell.swift */; };
		758D82512A7905AE006275F9 /* User.swift in Sources */ = {isa = PBXBuildFile; fileRef = 758D82502A7905AE006275F9 /* User.swift */; };
		758D82532A790665006275F9 /* Service.swift in Sources */ = {isa = PBXBuildFile; fileRef = 758D82522A790665006275F9 /* Service.swift */; };
		7590026B2A69143C00D39FC9 /* LoginController.swift in Sources */ = {isa = PBXBuildFile; fileRef = 7590026A2A69143C00D39FC9 /* LoginController.swift */; };
		7590026D2A69144A00D39FC9 /* RegistrationController.swift in Sources */ = {isa = PBXBuildFile; fileRef = 7590026C2A69144A00D39FC9 /* RegistrationController.swift */; };
		7590026F2A69180F00D39FC9 /* Extensions.swift in Sources */ = {isa = PBXBuildFile; fileRef = 7590026E2A69180F00D39FC9 /* Extensions.swift */; };
		759002712A692E1D00D39FC9 /* InputContainerView.swift in Sources */ = {isa = PBXBuildFile; fileRef = 759002702A692E1D00D39FC9 /* InputContainerView.swift */; };
		759002732A6932B400D39FC9 /* CustomTextField.swift in Sources */ = {isa = PBXBuildFile; fileRef = 759002722A6932B400D39FC9 /* CustomTextField.swift */; };
		75A5701A2A84E1E400EC7C5B /* Constants.swift in Sources */ = {isa = PBXBuildFile; fileRef = 75A570192A84E1E400EC7C5B /* Constants.swift */; };
		75B7146D2A95EE92001B1F99 /* ProfileController.swift in Sources */ = {isa = PBXBuildFile; fileRef = 75B7146C2A95EE92001B1F99 /* ProfileController.swift */; };
		75B7146F2A95F032001B1F99 /* ProfileHeader.swift in Sources */ = {isa = PBXBuildFile; fileRef = 75B7146E2A95F032001B1F99 /* ProfileHeader.swift */; };
		75B714712A95FBCC001B1F99 /* ProfileViewModel.swift in Sources */ = {isa = PBXBuildFile; fileRef = 75B714702A95FBCC001B1F99 /* ProfileViewModel.swift */; };
		75B714732A95FD2C001B1F99 /* ProfileCell.swift in Sources */ = {isa = PBXBuildFile; fileRef = 75B714722A95FD2C001B1F99 /* ProfileCell.swift */; };
		75B714752A96123A001B1F99 /* ProfileFooterView.swift in Sources */ = {isa = PBXBuildFile; fileRef = 75B714742A96123A001B1F99 /* ProfileFooterView.swift */; };
		75F58CB22A8F5B56009E8F85 /* ConversationCell.swift in Sources */ = {isa = PBXBuildFile; fileRef = 75F58CB12A8F5B56009E8F85 /* ConversationCell.swift */; };
		75F58CB42A8F5F56009E8F85 /* ConversationViewModel.swift in Sources */ = {isa = PBXBuildFile; fileRef = 75F58CB32A8F5F56009E8F85 /* ConversationViewModel.swift */; };
		75FA5CC52A78086200A8E89A /* UserCell.swift in Sources */ = {isa = PBXBuildFile; fileRef = 75FA5CC42A78086200A8E89A /* UserCell.swift */; };
		B0BBAE87B37A5439E39E93C6 /* Pods_FireChat_FireChatUITests.framework in Frameworks */ = {isa = PBXBuildFile; fileRef = FBE62E374A9A41AB0A90F666 /* Pods_FireChat_FireChatUITests.framework */; };
		FFFB0A3B561B7F6AA59B952D /* Pods_FireChatTests.framework in Frameworks */ = {isa = PBXBuildFile; fileRef = 8A575793B679A960DD7BA649 /* Pods_FireChatTests.framework */; };
/* End PBXBuildFile section */

/* Begin PBXContainerItemProxy section */
		754DB2EF2A65225200FC12A8 /* PBXContainerItemProxy */ = {
			isa = PBXContainerItemProxy;
			containerPortal = 754DB2D02A65225000FC12A8 /* Project object */;
			proxyType = 1;
			remoteGlobalIDString = 754DB2D72A65225000FC12A8;
			remoteInfo = FireChat;
		};
		754DB2F92A65225200FC12A8 /* PBXContainerItemProxy */ = {
			isa = PBXContainerItemProxy;
			containerPortal = 754DB2D02A65225000FC12A8 /* Project object */;
			proxyType = 1;
			remoteGlobalIDString = 754DB2D72A65225000FC12A8;
			remoteInfo = FireChat;
		};
/* End PBXContainerItemProxy section */

/* Begin PBXFileReference section */
		39E0B9A046C5A32F16AFE490 /* Pods-FireChat-FireChatUITests.debug.xcconfig */ = {isa = PBXFileReference; includeInIndex = 1; lastKnownFileType = text.xcconfig; name = "Pods-FireChat-FireChatUITests.debug.xcconfig"; path = "Target Support Files/Pods-FireChat-FireChatUITests/Pods-FireChat-FireChatUITests.debug.xcconfig"; sourceTree = "<group>"; };
		440DAA682AA09F367A6AA9DD /* Pods_FireChat.framework */ = {isa = PBXFileReference; explicitFileType = wrapper.framework; includeInIndex = 0; path = Pods_FireChat.framework; sourceTree = BUILT_PRODUCTS_DIR; };
		59D991E2E20BCC34F00188B3 /* Pods-FireChat-FireChatUITests.release.xcconfig */ = {isa = PBXFileReference; includeInIndex = 1; lastKnownFileType = text.xcconfig; name = "Pods-FireChat-FireChatUITests.release.xcconfig"; path = "Target Support Files/Pods-FireChat-FireChatUITests/Pods-FireChat-FireChatUITests.release.xcconfig"; sourceTree = "<group>"; };
		750A12E02A726DF80043CE5F /* AuthService.swift */ = {isa = PBXFileReference; lastKnownFileType = sourcecode.swift; path = AuthService.swift; sourceTree = "<group>"; };
		7531C4EC2A822DFA0058954F /* Message.swift */ = {isa = PBXFileReference; lastKnownFileType = sourcecode.swift; path = Message.swift; sourceTree = "<group>"; };
		7531C4EE2A82463A0058954F /* MessageViewModel.swift */ = {isa = PBXFileReference; lastKnownFileType = sourcecode.swift; path = MessageViewModel.swift; sourceTree = "<group>"; };
		7532A70E2A73AC4700163DC4 /* GoogleService-Info.plist */ = {isa = PBXFileReference; fileEncoding = 4; lastKnownFileType = text.plist.xml; name = "GoogleService-Info.plist"; path = "../../../../Downloads/GoogleService-Info.plist"; sourceTree = "<group>"; };
		7532A7102A73B37C00163DC4 /* NewMessageController.swift */ = {isa = PBXFileReference; lastKnownFileType = sourcecode.swift; path = NewMessageController.swift; sourceTree = "<group>"; };
		75487E632A6E5F8700846CE3 /* LoginViewModel.swift */ = {isa = PBXFileReference; lastKnownFileType = sourcecode.swift; path = LoginViewModel.swift; sourceTree = "<group>"; };
		75487E652A6E783500846CE3 /* RegistrationViewModel.swift */ = {isa = PBXFileReference; lastKnownFileType = sourcecode.swift; path = RegistrationViewModel.swift; sourceTree = "<group>"; };
		754DB2D82A65225000FC12A8 /* FireChat.app */ = {isa = PBXFileReference; explicitFileType = wrapper.application; includeInIndex = 0; path = FireChat.app; sourceTree = BUILT_PRODUCTS_DIR; };
		754DB2DB2A65225000FC12A8 /* AppDelegate.swift */ = {isa = PBXFileReference; lastKnownFileType = sourcecode.swift; path = AppDelegate.swift; sourceTree = "<group>"; };
		754DB2DD2A65225000FC12A8 /* SceneDelegate.swift */ = {isa = PBXFileReference; lastKnownFileType = sourcecode.swift; path = SceneDelegate.swift; sourceTree = "<group>"; };
		754DB2DF2A65225000FC12A8 /* ViewController.swift */ = {isa = PBXFileReference; lastKnownFileType = sourcecode.swift; path = ViewController.swift; sourceTree = "<group>"; };
		754DB2E22A65225000FC12A8 /* Base */ = {isa = PBXFileReference; lastKnownFileType = file.storyboard; name = Base; path = Base.lproj/Main.storyboard; sourceTree = "<group>"; };
		754DB2E42A65225100FC12A8 /* Assets.xcassets */ = {isa = PBXFileReference; lastKnownFileType = folder.assetcatalog; path = Assets.xcassets; sourceTree = "<group>"; };
		754DB2E72A65225100FC12A8 /* Base */ = {isa = PBXFileReference; lastKnownFileType = file.storyboard; name = Base; path = Base.lproj/LaunchScreen.storyboard; sourceTree = "<group>"; };
		754DB2E92A65225100FC12A8 /* Info.plist */ = {isa = PBXFileReference; lastKnownFileType = text.plist.xml; path = Info.plist; sourceTree = "<group>"; };
		754DB2EE2A65225200FC12A8 /* FireChatTests.xctest */ = {isa = PBXFileReference; explicitFileType = wrapper.cfbundle; includeInIndex = 0; path = FireChatTests.xctest; sourceTree = BUILT_PRODUCTS_DIR; };
		754DB2F22A65225200FC12A8 /* FireChatTests.swift */ = {isa = PBXFileReference; lastKnownFileType = sourcecode.swift; path = FireChatTests.swift; sourceTree = "<group>"; };
		754DB2F82A65225200FC12A8 /* FireChatUITests.xctest */ = {isa = PBXFileReference; explicitFileType = wrapper.cfbundle; includeInIndex = 0; path = FireChatUITests.xctest; sourceTree = BUILT_PRODUCTS_DIR; };
		754DB2FC2A65225200FC12A8 /* FireChatUITests.swift */ = {isa = PBXFileReference; lastKnownFileType = sourcecode.swift; path = FireChatUITests.swift; sourceTree = "<group>"; };
		754DB2FE2A65225200FC12A8 /* FireChatUITestsLaunchTests.swift */ = {isa = PBXFileReference; lastKnownFileType = sourcecode.swift; path = FireChatUITestsLaunchTests.swift; sourceTree = "<group>"; };
		754DB3112A652FA300FC12A8 /* ConversationController.swift */ = {isa = PBXFileReference; lastKnownFileType = sourcecode.swift; path = ConversationController.swift; sourceTree = "<group>"; };
		75523D792A7BBDC30015532E /* ChatController.swift */ = {isa = PBXFileReference; lastKnownFileType = sourcecode.swift; path = ChatController.swift; sourceTree = "<group>"; };
		756ACC7A2A80EAB5004D1D19 /* CustomInputAccesoryView.swift */ = {isa = PBXFileReference; lastKnownFileType = sourcecode.swift; path = CustomInputAccesoryView.swift; sourceTree = "<group>"; };
		756ACC7C2A81075D004D1D19 /* MessageCell.swift */ = {isa = PBXFileReference; lastKnownFileType = sourcecode.swift; path = MessageCell.swift; sourceTree = "<group>"; };
		758D82502A7905AE006275F9 /* User.swift */ = {isa = PBXFileReference; lastKnownFileType = sourcecode.swift; path = User.swift; sourceTree = "<group>"; };
		758D82522A790665006275F9 /* Service.swift */ = {isa = PBXFileReference; lastKnownFileType = sourcecode.swift; path = Service.swift; sourceTree = "<group>"; };
		7590026A2A69143C00D39FC9 /* LoginController.swift */ = {isa = PBXFileReference; lastKnownFileType = sourcecode.swift; path = LoginController.swift; sourceTree = "<group>"; };
		7590026C2A69144A00D39FC9 /* RegistrationController.swift */ = {isa = PBXFileReference; lastKnownFileType = sourcecode.swift; path = RegistrationController.swift; sourceTree = "<group>"; };
		7590026E2A69180F00D39FC9 /* Extensions.swift */ = {isa = PBXFileReference; lastKnownFileType = sourcecode.swift; path = Extensions.swift; sourceTree = "<group>"; };
		759002702A692E1D00D39FC9 /* InputContainerView.swift */ = {isa = PBXFileReference; lastKnownFileType = sourcecode.swift; path = InputContainerView.swift; sourceTree = "<group>"; };
		759002722A6932B400D39FC9 /* CustomTextField.swift */ = {isa = PBXFileReference; lastKnownFileType = sourcecode.swift; path = CustomTextField.swift; sourceTree = "<group>"; };
		75A570192A84E1E400EC7C5B /* Constants.swift */ = {isa = PBXFileReference; lastKnownFileType = sourcecode.swift; path = Constants.swift; sourceTree = "<group>"; };
		75B7146C2A95EE92001B1F99 /* ProfileController.swift */ = {isa = PBXFileReference; lastKnownFileType = sourcecode.swift; path = ProfileController.swift; sourceTree = "<group>"; };
		75B7146E2A95F032001B1F99 /* ProfileHeader.swift */ = {isa = PBXFileReference; lastKnownFileType = sourcecode.swift; path = ProfileHeader.swift; sourceTree = "<group>"; };
		75B714702A95FBCC001B1F99 /* ProfileViewModel.swift */ = {isa = PBXFileReference; lastKnownFileType = sourcecode.swift; path = ProfileViewModel.swift; sourceTree = "<group>"; };
		75B714722A95FD2C001B1F99 /* ProfileCell.swift */ = {isa = PBXFileReference; lastKnownFileType = sourcecode.swift; path = ProfileCell.swift; sourceTree = "<group>"; };
		75B714742A96123A001B1F99 /* ProfileFooterView.swift */ = {isa = PBXFileReference; lastKnownFileType = sourcecode.swift; path = ProfileFooterView.swift; sourceTree = "<group>"; };
		75F58CB12A8F5B56009E8F85 /* ConversationCell.swift */ = {isa = PBXFileReference; lastKnownFileType = sourcecode.swift; path = ConversationCell.swift; sourceTree = "<group>"; };
		75F58CB32A8F5F56009E8F85 /* ConversationViewModel.swift */ = {isa = PBXFileReference; lastKnownFileType = sourcecode.swift; path = ConversationViewModel.swift; sourceTree = "<group>"; };
		75FA5CC42A78086200A8E89A /* UserCell.swift */ = {isa = PBXFileReference; lastKnownFileType = sourcecode.swift; path = UserCell.swift; sourceTree = "<group>"; };
		8A575793B679A960DD7BA649 /* Pods_FireChatTests.framework */ = {isa = PBXFileReference; explicitFileType = wrapper.framework; includeInIndex = 0; path = Pods_FireChatTests.framework; sourceTree = BUILT_PRODUCTS_DIR; };
		B2E891741EE1E5FDF54298EA /* Pods-FireChatTests.release.xcconfig */ = {isa = PBXFileReference; includeInIndex = 1; lastKnownFileType = text.xcconfig; name = "Pods-FireChatTests.release.xcconfig"; path = "Target Support Files/Pods-FireChatTests/Pods-FireChatTests.release.xcconfig"; sourceTree = "<group>"; };
		D112CD7B2F0BE270D9567F32 /* Pods-FireChat.release.xcconfig */ = {isa = PBXFileReference; includeInIndex = 1; lastKnownFileType = text.xcconfig; name = "Pods-FireChat.release.xcconfig"; path = "Target Support Files/Pods-FireChat/Pods-FireChat.release.xcconfig"; sourceTree = "<group>"; };
		E1E7E54313437BE067674564 /* Pods-FireChatTests.debug.xcconfig */ = {isa = PBXFileReference; includeInIndex = 1; lastKnownFileType = text.xcconfig; name = "Pods-FireChatTests.debug.xcconfig"; path = "Target Support Files/Pods-FireChatTests/Pods-FireChatTests.debug.xcconfig"; sourceTree = "<group>"; };
		ECF7A898D431802BA7D4D9C4 /* Pods-FireChat.debug.xcconfig */ = {isa = PBXFileReference; includeInIndex = 1; lastKnownFileType = text.xcconfig; name = "Pods-FireChat.debug.xcconfig"; path = "Target Support Files/Pods-FireChat/Pods-FireChat.debug.xcconfig"; sourceTree = "<group>"; };
		FBE62E374A9A41AB0A90F666 /* Pods_FireChat_FireChatUITests.framework */ = {isa = PBXFileReference; explicitFileType = wrapper.framework; includeInIndex = 0; path = Pods_FireChat_FireChatUITests.framework; sourceTree = BUILT_PRODUCTS_DIR; };
/* End PBXFileReference section */

/* Begin PBXFrameworksBuildPhase section */
		754DB2D52A65225000FC12A8 /* Frameworks */ = {
			isa = PBXFrameworksBuildPhase;
			buildActionMask = 2147483647;
			files = (
				22FFC0E477DECEC2924A07E7 /* Pods_FireChat.framework in Frameworks */,
			);
			runOnlyForDeploymentPostprocessing = 0;
		};
		754DB2EB2A65225200FC12A8 /* Frameworks */ = {
			isa = PBXFrameworksBuildPhase;
			buildActionMask = 2147483647;
			files = (
				FFFB0A3B561B7F6AA59B952D /* Pods_FireChatTests.framework in Frameworks */,
			);
			runOnlyForDeploymentPostprocessing = 0;
		};
		754DB2F52A65225200FC12A8 /* Frameworks */ = {
			isa = PBXFrameworksBuildPhase;
			buildActionMask = 2147483647;
			files = (
				B0BBAE87B37A5439E39E93C6 /* Pods_FireChat_FireChatUITests.framework in Frameworks */,
			);
			runOnlyForDeploymentPostprocessing = 0;
		};
/* End PBXFrameworksBuildPhase section */

/* Begin PBXGroup section */
		75487E672A6E783900846CE3 /* Authentication */ = {
			isa = PBXGroup;
			children = (
				75487E632A6E5F8700846CE3 /* LoginViewModel.swift */,
				75487E652A6E783500846CE3 /* RegistrationViewModel.swift */,
			);
			path = Authentication;
			sourceTree = "<group>";
		};
		754DB2CF2A65225000FC12A8 = {
			isa = PBXGroup;
			children = (
				754DB2DA2A65225000FC12A8 /* FireChat */,
				754DB2F12A65225200FC12A8 /* FireChatTests */,
				754DB2FB2A65225200FC12A8 /* FireChatUITests */,
				754DB2D92A65225000FC12A8 /* Products */,
				CA4333F98D9E7A0BF70BB365 /* Pods */,
				B21BC0D599A2FF7D2E9388BB /* Frameworks */,
			);
			sourceTree = "<group>";
		};
		754DB2D92A65225000FC12A8 /* Products */ = {
			isa = PBXGroup;
			children = (
				754DB2D82A65225000FC12A8 /* FireChat.app */,
				754DB2EE2A65225200FC12A8 /* FireChatTests.xctest */,
				754DB2F82A65225200FC12A8 /* FireChatUITests.xctest */,
			);
			name = Products;
			sourceTree = "<group>";
		};
		754DB2DA2A65225000FC12A8 /* FireChat */ = {
			isa = PBXGroup;
			children = (
				754DB30B2A652F4400FC12A8 /* Model */,
				754DB30C2A652F4A00FC12A8 /* View */,
				754DB30D2A652F5700FC12A8 /* ViewModel */,
				754DB30E2A652F6500FC12A8 /* Controller */,
				754DB30F2A652F6B00FC12A8 /* API */,
				754DB3102A652F7900FC12A8 /* Utils */,
				754DB2DB2A65225000FC12A8 /* AppDelegate.swift */,
				754DB2DD2A65225000FC12A8 /* SceneDelegate.swift */,
				754DB2DF2A65225000FC12A8 /* ViewController.swift */,
				754DB2E12A65225000FC12A8 /* Main.storyboard */,
				754DB2E42A65225100FC12A8 /* Assets.xcassets */,
				754DB2E62A65225100FC12A8 /* LaunchScreen.storyboard */,
				754DB2E92A65225100FC12A8 /* Info.plist */,
				7532A70E2A73AC4700163DC4 /* GoogleService-Info.plist */,
			);
			path = FireChat;
			sourceTree = "<group>";
		};
		754DB2F12A65225200FC12A8 /* FireChatTests */ = {
			isa = PBXGroup;
			children = (
				754DB2F22A65225200FC12A8 /* FireChatTests.swift */,
			);
			path = FireChatTests;
			sourceTree = "<group>";
		};
		754DB2FB2A65225200FC12A8 /* FireChatUITests */ = {
			isa = PBXGroup;
			children = (
				754DB2FC2A65225200FC12A8 /* FireChatUITests.swift */,
				754DB2FE2A65225200FC12A8 /* FireChatUITestsLaunchTests.swift */,
			);
			path = FireChatUITests;
			sourceTree = "<group>";
		};
		754DB30B2A652F4400FC12A8 /* Model */ = {
			isa = PBXGroup;
			children = (
				758D82502A7905AE006275F9 /* User.swift */,
				7531C4EC2A822DFA0058954F /* Message.swift */,
			);
			path = Model;
			sourceTree = "<group>";
		};
		754DB30C2A652F4A00FC12A8 /* View */ = {
			isa = PBXGroup;
			children = (
				759002702A692E1D00D39FC9 /* InputContainerView.swift */,
				759002722A6932B400D39FC9 /* CustomTextField.swift */,
				75FA5CC42A78086200A8E89A /* UserCell.swift */,
				756ACC7A2A80EAB5004D1D19 /* CustomInputAccesoryView.swift */,
				756ACC7C2A81075D004D1D19 /* MessageCell.swift */,
				75F58CB12A8F5B56009E8F85 /* ConversationCell.swift */,
				75B7146E2A95F032001B1F99 /* ProfileHeader.swift */,
				75B714722A95FD2C001B1F99 /* ProfileCell.swift */,
				75B714742A96123A001B1F99 /* ProfileFooterView.swift */,
			);
			path = View;
			sourceTree = "<group>";
		};
		754DB30D2A652F5700FC12A8 /* ViewModel */ = {
			isa = PBXGroup;
			children = (
				75487E672A6E783900846CE3 /* Authentication */,
				7531C4EE2A82463A0058954F /* MessageViewModel.swift */,
				75F58CB32A8F5F56009E8F85 /* ConversationViewModel.swift */,
				75B714702A95FBCC001B1F99 /* ProfileViewModel.swift */,
			);
			path = ViewModel;
			sourceTree = "<group>";
		};
		754DB30E2A652F6500FC12A8 /* Controller */ = {
			isa = PBXGroup;
			children = (
				759002692A69142200D39FC9 /* Authentication */,
				754DB3112A652FA300FC12A8 /* ConversationController.swift */,
				7532A7102A73B37C00163DC4 /* NewMessageController.swift */,
				75523D792A7BBDC30015532E /* ChatController.swift */,
				75B7146C2A95EE92001B1F99 /* ProfileController.swift */,
			);
			path = Controller;
			sourceTree = "<group>";
		};
		754DB30F2A652F6B00FC12A8 /* API */ = {
			isa = PBXGroup;
			children = (
				750A12E02A726DF80043CE5F /* AuthService.swift */,
				758D82522A790665006275F9 /* Service.swift */,
			);
			path = API;
			sourceTree = "<group>";
		};
		754DB3102A652F7900FC12A8 /* Utils */ = {
			isa = PBXGroup;
			children = (
				7590026E2A69180F00D39FC9 /* Extensions.swift */,
				75A570192A84E1E400EC7C5B /* Constants.swift */,
			);
			path = Utils;
			sourceTree = "<group>";
		};
		759002692A69142200D39FC9 /* Authentication */ = {
			isa = PBXGroup;
			children = (
				7590026A2A69143C00D39FC9 /* LoginController.swift */,
				7590026C2A69144A00D39FC9 /* RegistrationController.swift */,
			);
			path = Authentication;
			sourceTree = "<group>";
		};
		B21BC0D599A2FF7D2E9388BB /* Frameworks */ = {
			isa = PBXGroup;
			children = (
				440DAA682AA09F367A6AA9DD /* Pods_FireChat.framework */,
				FBE62E374A9A41AB0A90F666 /* Pods_FireChat_FireChatUITests.framework */,
				8A575793B679A960DD7BA649 /* Pods_FireChatTests.framework */,
			);
			name = Frameworks;
			sourceTree = "<group>";
		};
		CA4333F98D9E7A0BF70BB365 /* Pods */ = {
			isa = PBXGroup;
			children = (
				ECF7A898D431802BA7D4D9C4 /* Pods-FireChat.debug.xcconfig */,
				D112CD7B2F0BE270D9567F32 /* Pods-FireChat.release.xcconfig */,
				39E0B9A046C5A32F16AFE490 /* Pods-FireChat-FireChatUITests.debug.xcconfig */,
				59D991E2E20BCC34F00188B3 /* Pods-FireChat-FireChatUITests.release.xcconfig */,
				E1E7E54313437BE067674564 /* Pods-FireChatTests.debug.xcconfig */,
				B2E891741EE1E5FDF54298EA /* Pods-FireChatTests.release.xcconfig */,
			);
			path = Pods;
			sourceTree = "<group>";
		};
/* End PBXGroup section */

/* Begin PBXNativeTarget section */
		754DB2D72A65225000FC12A8 /* FireChat */ = {
			isa = PBXNativeTarget;
			buildConfigurationList = 754DB3022A65225200FC12A8 /* Build configuration list for PBXNativeTarget "FireChat" */;
			buildPhases = (
				CD01755F7F13DF6DA0E0ECBB /* [CP] Check Pods Manifest.lock */,
				754DB2D42A65225000FC12A8 /* Sources */,
				754DB2D52A65225000FC12A8 /* Frameworks */,
				754DB2D62A65225000FC12A8 /* Resources */,
				A79C5721751FC4204E74AC7C /* [CP] Embed Pods Frameworks */,
			);
			buildRules = (
			);
			dependencies = (
			);
			name = FireChat;
			productName = FireChat;
			productReference = 754DB2D82A65225000FC12A8 /* FireChat.app */;
			productType = "com.apple.product-type.application";
		};
		754DB2ED2A65225200FC12A8 /* FireChatTests */ = {
			isa = PBXNativeTarget;
			buildConfigurationList = 754DB3052A65225200FC12A8 /* Build configuration list for PBXNativeTarget "FireChatTests" */;
			buildPhases = (
				0215B3BBAF439C0279172DB3 /* [CP] Check Pods Manifest.lock */,
				754DB2EA2A65225200FC12A8 /* Sources */,
				754DB2EB2A65225200FC12A8 /* Frameworks */,
				754DB2EC2A65225200FC12A8 /* Resources */,
			);
			buildRules = (
			);
			dependencies = (
				754DB2F02A65225200FC12A8 /* PBXTargetDependency */,
			);
			name = FireChatTests;
			productName = FireChatTests;
			productReference = 754DB2EE2A65225200FC12A8 /* FireChatTests.xctest */;
			productType = "com.apple.product-type.bundle.unit-test";
		};
		754DB2F72A65225200FC12A8 /* FireChatUITests */ = {
			isa = PBXNativeTarget;
			buildConfigurationList = 754DB3082A65225200FC12A8 /* Build configuration list for PBXNativeTarget "FireChatUITests" */;
			buildPhases = (
				D94A157D2268547E757BDBD5 /* [CP] Check Pods Manifest.lock */,
				754DB2F42A65225200FC12A8 /* Sources */,
				754DB2F52A65225200FC12A8 /* Frameworks */,
				754DB2F62A65225200FC12A8 /* Resources */,
				EE19AC6244B24E250B248CC0 /* [CP] Embed Pods Frameworks */,
			);
			buildRules = (
			);
			dependencies = (
				754DB2FA2A65225200FC12A8 /* PBXTargetDependency */,
			);
			name = FireChatUITests;
			productName = FireChatUITests;
			productReference = 754DB2F82A65225200FC12A8 /* FireChatUITests.xctest */;
			productType = "com.apple.product-type.bundle.ui-testing";
		};
/* End PBXNativeTarget section */

/* Begin PBXProject section */
		754DB2D02A65225000FC12A8 /* Project object */ = {
			isa = PBXProject;
			attributes = {
				BuildIndependentTargetsInParallel = 1;
				LastSwiftUpdateCheck = 1430;
				LastUpgradeCheck = 1430;
				TargetAttributes = {
					754DB2D72A65225000FC12A8 = {
						CreatedOnToolsVersion = 14.3.1;
					};
					754DB2ED2A65225200FC12A8 = {
						CreatedOnToolsVersion = 14.3.1;
						TestTargetID = 754DB2D72A65225000FC12A8;
					};
					754DB2F72A65225200FC12A8 = {
						CreatedOnToolsVersion = 14.3.1;
						TestTargetID = 754DB2D72A65225000FC12A8;
					};
				};
			};
			buildConfigurationList = 754DB2D32A65225000FC12A8 /* Build configuration list for PBXProject "FireChat" */;
			compatibilityVersion = "Xcode 14.0";
			developmentRegion = en;
			hasScannedForEncodings = 0;
			knownRegions = (
				en,
				Base,
			);
			mainGroup = 754DB2CF2A65225000FC12A8;
			productRefGroup = 754DB2D92A65225000FC12A8 /* Products */;
			projectDirPath = "";
			projectRoot = "";
			targets = (
				754DB2D72A65225000FC12A8 /* FireChat */,
				754DB2ED2A65225200FC12A8 /* FireChatTests */,
				754DB2F72A65225200FC12A8 /* FireChatUITests */,
			);
		};
/* End PBXProject section */

/* Begin PBXResourcesBuildPhase section */
		754DB2D62A65225000FC12A8 /* Resources */ = {
			isa = PBXResourcesBuildPhase;
			buildActionMask = 2147483647;
			files = (
				754DB2E82A65225100FC12A8 /* LaunchScreen.storyboard in Resources */,
				7532A70F2A73AC4700163DC4 /* GoogleService-Info.plist in Resources */,
				754DB2E52A65225100FC12A8 /* Assets.xcassets in Resources */,
				754DB2E32A65225000FC12A8 /* Main.storyboard in Resources */,
			);
			runOnlyForDeploymentPostprocessing = 0;
		};
		754DB2EC2A65225200FC12A8 /* Resources */ = {
			isa = PBXResourcesBuildPhase;
			buildActionMask = 2147483647;
			files = (
			);
			runOnlyForDeploymentPostprocessing = 0;
		};
		754DB2F62A65225200FC12A8 /* Resources */ = {
			isa = PBXResourcesBuildPhase;
			buildActionMask = 2147483647;
			files = (
			);
			runOnlyForDeploymentPostprocessing = 0;
		};
/* End PBXResourcesBuildPhase section */

/* Begin PBXShellScriptBuildPhase section */
		0215B3BBAF439C0279172DB3 /* [CP] Check Pods Manifest.lock */ = {
			isa = PBXShellScriptBuildPhase;
			buildActionMask = 2147483647;
			files = (
			);
			inputFileListPaths = (
			);
			inputPaths = (
				"${PODS_PODFILE_DIR_PATH}/Podfile.lock",
				"${PODS_ROOT}/Manifest.lock",
			);
			name = "[CP] Check Pods Manifest.lock";
			outputFileListPaths = (
			);
			outputPaths = (
				"$(DERIVED_FILE_DIR)/Pods-FireChatTests-checkManifestLockResult.txt",
			);
			runOnlyForDeploymentPostprocessing = 0;
			shellPath = /bin/sh;
			shellScript = "diff \"${PODS_PODFILE_DIR_PATH}/Podfile.lock\" \"${PODS_ROOT}/Manifest.lock\" > /dev/null\nif [ $? != 0 ] ; then\n    # print error to STDERR\n    echo \"error: The sandbox is not in sync with the Podfile.lock. Run 'pod install' or update your CocoaPods installation.\" >&2\n    exit 1\nfi\n# This output is used by Xcode 'outputs' to avoid re-running this script phase.\necho \"SUCCESS\" > \"${SCRIPT_OUTPUT_FILE_0}\"\n";
			showEnvVarsInLog = 0;
		};
		A79C5721751FC4204E74AC7C /* [CP] Embed Pods Frameworks */ = {
			isa = PBXShellScriptBuildPhase;
			buildActionMask = 2147483647;
			files = (
			);
			inputFileListPaths = (
				"${PODS_ROOT}/Target Support Files/Pods-FireChat/Pods-FireChat-frameworks-${CONFIGURATION}-input-files.xcfilelist",
			);
			name = "[CP] Embed Pods Frameworks";
			outputFileListPaths = (
				"${PODS_ROOT}/Target Support Files/Pods-FireChat/Pods-FireChat-frameworks-${CONFIGURATION}-output-files.xcfilelist",
			);
			runOnlyForDeploymentPostprocessing = 0;
			shellPath = /bin/sh;
			shellScript = "\"${PODS_ROOT}/Target Support Files/Pods-FireChat/Pods-FireChat-frameworks.sh\"\n";
			showEnvVarsInLog = 0;
		};
		CD01755F7F13DF6DA0E0ECBB /* [CP] Check Pods Manifest.lock */ = {
			isa = PBXShellScriptBuildPhase;
			buildActionMask = 2147483647;
			files = (
			);
			inputFileListPaths = (
			);
			inputPaths = (
				"${PODS_PODFILE_DIR_PATH}/Podfile.lock",
				"${PODS_ROOT}/Manifest.lock",
			);
			name = "[CP] Check Pods Manifest.lock";
			outputFileListPaths = (
			);
			outputPaths = (
				"$(DERIVED_FILE_DIR)/Pods-FireChat-checkManifestLockResult.txt",
			);
			runOnlyForDeploymentPostprocessing = 0;
			shellPath = /bin/sh;
			shellScript = "diff \"${PODS_PODFILE_DIR_PATH}/Podfile.lock\" \"${PODS_ROOT}/Manifest.lock\" > /dev/null\nif [ $? != 0 ] ; then\n    # print error to STDERR\n    echo \"error: The sandbox is not in sync with the Podfile.lock. Run 'pod install' or update your CocoaPods installation.\" >&2\n    exit 1\nfi\n# This output is used by Xcode 'outputs' to avoid re-running this script phase.\necho \"SUCCESS\" > \"${SCRIPT_OUTPUT_FILE_0}\"\n";
			showEnvVarsInLog = 0;
		};
		D94A157D2268547E757BDBD5 /* [CP] Check Pods Manifest.lock */ = {
			isa = PBXShellScriptBuildPhase;
			buildActionMask = 2147483647;
			files = (
			);
			inputFileListPaths = (
			);
			inputPaths = (
				"${PODS_PODFILE_DIR_PATH}/Podfile.lock",
				"${PODS_ROOT}/Manifest.lock",
			);
			name = "[CP] Check Pods Manifest.lock";
			outputFileListPaths = (
			);
			outputPaths = (
				"$(DERIVED_FILE_DIR)/Pods-FireChat-FireChatUITests-checkManifestLockResult.txt",
			);
			runOnlyForDeploymentPostprocessing = 0;
			shellPath = /bin/sh;
			shellScript = "diff \"${PODS_PODFILE_DIR_PATH}/Podfile.lock\" \"${PODS_ROOT}/Manifest.lock\" > /dev/null\nif [ $? != 0 ] ; then\n    # print error to STDERR\n    echo \"error: The sandbox is not in sync with the Podfile.lock. Run 'pod install' or update your CocoaPods installation.\" >&2\n    exit 1\nfi\n# This output is used by Xcode 'outputs' to avoid re-running this script phase.\necho \"SUCCESS\" > \"${SCRIPT_OUTPUT_FILE_0}\"\n";
			showEnvVarsInLog = 0;
		};
		EE19AC6244B24E250B248CC0 /* [CP] Embed Pods Frameworks */ = {
			isa = PBXShellScriptBuildPhase;
			buildActionMask = 2147483647;
			files = (
			);
			inputFileListPaths = (
				"${PODS_ROOT}/Target Support Files/Pods-FireChat-FireChatUITests/Pods-FireChat-FireChatUITests-frameworks-${CONFIGURATION}-input-files.xcfilelist",
			);
			name = "[CP] Embed Pods Frameworks";
			outputFileListPaths = (
				"${PODS_ROOT}/Target Support Files/Pods-FireChat-FireChatUITests/Pods-FireChat-FireChatUITests-frameworks-${CONFIGURATION}-output-files.xcfilelist",
			);
			runOnlyForDeploymentPostprocessing = 0;
			shellPath = /bin/sh;
			shellScript = "\"${PODS_ROOT}/Target Support Files/Pods-FireChat-FireChatUITests/Pods-FireChat-FireChatUITests-frameworks.sh\"\n";
			showEnvVarsInLog = 0;
		};
/* End PBXShellScriptBuildPhase section */

/* Begin PBXSourcesBuildPhase section */
		754DB2D42A65225000FC12A8 /* Sources */ = {
			isa = PBXSourcesBuildPhase;
			buildActionMask = 2147483647;
			files = (
				75B7146D2A95EE92001B1F99 /* ProfileController.swift in Sources */,
				754DB2E02A65225000FC12A8 /* ViewController.swift in Sources */,
				75A5701A2A84E1E400EC7C5B /* Constants.swift in Sources */,
				75B714712A95FBCC001B1F99 /* ProfileViewModel.swift in Sources */,
				75487E662A6E783500846CE3 /* RegistrationViewModel.swift in Sources */,
				759002712A692E1D00D39FC9 /* InputContainerView.swift in Sources */,
				750A12E12A726DF80043CE5F /* AuthService.swift in Sources */,
				75B714752A96123A001B1F99 /* ProfileFooterView.swift in Sources */,
				7531C4EF2A82463A0058954F /* MessageViewModel.swift in Sources */,
				754DB2DC2A65225000FC12A8 /* AppDelegate.swift in Sources */,
				754DB3122A652FA300FC12A8 /* ConversationController.swift in Sources */,
				75FA5CC52A78086200A8E89A /* UserCell.swift in Sources */,
				754DB2DE2A65225000FC12A8 /* SceneDelegate.swift in Sources */,
				758D82512A7905AE006275F9 /* User.swift in Sources */,
				75B714732A95FD2C001B1F99 /* ProfileCell.swift in Sources */,
				758D82532A790665006275F9 /* Service.swift in Sources */,
				756ACC7D2A81075D004D1D19 /* MessageCell.swift in Sources */,
				75F58CB42A8F5F56009E8F85 /* ConversationViewModel.swift in Sources */,
				7590026D2A69144A00D39FC9 /* RegistrationController.swift in Sources */,
				7590026B2A69143C00D39FC9 /* LoginController.swift in Sources */,
				7590026F2A69180F00D39FC9 /* Extensions.swift in Sources */,
				75B7146F2A95F032001B1F99 /* ProfileHeader.swift in Sources */,
				756ACC7B2A80EAB6004D1D19 /* CustomInputAccesoryView.swift in Sources */,
				75487E642A6E5F8700846CE3 /* LoginViewModel.swift in Sources */,
				75523D7A2A7BBDC30015532E /* ChatController.swift in Sources */,
				75F58CB22A8F5B56009E8F85 /* ConversationCell.swift in Sources */,
				7531C4ED2A822DFA0058954F /* Message.swift in Sources */,
				759002732A6932B400D39FC9 /* CustomTextField.swift in Sources */,
				7532A7112A73B37C00163DC4 /* NewMessageController.swift in Sources */,
			);
			runOnlyForDeploymentPostprocessing = 0;
		};
		754DB2EA2A65225200FC12A8 /* Sources */ = {
			isa = PBXSourcesBuildPhase;
			buildActionMask = 2147483647;
			files = (
				754DB2F32A65225200FC12A8 /* FireChatTests.swift in Sources */,
			);
			runOnlyForDeploymentPostprocessing = 0;
		};
		754DB2F42A65225200FC12A8 /* Sources */ = {
			isa = PBXSourcesBuildPhase;
			buildActionMask = 2147483647;
			files = (
				754DB2FF2A65225200FC12A8 /* FireChatUITestsLaunchTests.swift in Sources */,
				754DB2FD2A65225200FC12A8 /* FireChatUITests.swift in Sources */,
			);
			runOnlyForDeploymentPostprocessing = 0;
		};
/* End PBXSourcesBuildPhase section */

/* Begin PBXTargetDependency section */
		754DB2F02A65225200FC12A8 /* PBXTargetDependency */ = {
			isa = PBXTargetDependency;
			target = 754DB2D72A65225000FC12A8 /* FireChat */;
			targetProxy = 754DB2EF2A65225200FC12A8 /* PBXContainerItemProxy */;
		};
		754DB2FA2A65225200FC12A8 /* PBXTargetDependency */ = {
			isa = PBXTargetDependency;
			target = 754DB2D72A65225000FC12A8 /* FireChat */;
			targetProxy = 754DB2F92A65225200FC12A8 /* PBXContainerItemProxy */;
		};
/* End PBXTargetDependency section */

/* Begin PBXVariantGroup section */
		754DB2E12A65225000FC12A8 /* Main.storyboard */ = {
			isa = PBXVariantGroup;
			children = (
				754DB2E22A65225000FC12A8 /* Base */,
			);
			name = Main.storyboard;
			sourceTree = "<group>";
		};
		754DB2E62A65225100FC12A8 /* LaunchScreen.storyboard */ = {
			isa = PBXVariantGroup;
			children = (
				754DB2E72A65225100FC12A8 /* Base */,
			);
			name = LaunchScreen.storyboard;
			sourceTree = "<group>";
		};
/* End PBXVariantGroup section */

/* Begin XCBuildConfiguration section */
		754DB3002A65225200FC12A8 /* Debug */ = {
			isa = XCBuildConfiguration;
			buildSettings = {
				ALWAYS_SEARCH_USER_PATHS = NO;
				CLANG_ANALYZER_NONNULL = YES;
				CLANG_ANALYZER_NUMBER_OBJECT_CONVERSION = YES_AGGRESSIVE;
				CLANG_CXX_LANGUAGE_STANDARD = "gnu++20";
				CLANG_ENABLE_MODULES = YES;
				CLANG_ENABLE_OBJC_ARC = YES;
				CLANG_ENABLE_OBJC_WEAK = YES;
				CLANG_WARN_BLOCK_CAPTURE_AUTORELEASING = YES;
				CLANG_WARN_BOOL_CONVERSION = YES;
				CLANG_WARN_COMMA = YES;
				CLANG_WARN_CONSTANT_CONVERSION = YES;
				CLANG_WARN_DEPRECATED_OBJC_IMPLEMENTATIONS = YES;
				CLANG_WARN_DIRECT_OBJC_ISA_USAGE = YES_ERROR;
				CLANG_WARN_DOCUMENTATION_COMMENTS = YES;
				CLANG_WARN_EMPTY_BODY = YES;
				CLANG_WARN_ENUM_CONVERSION = YES;
				CLANG_WARN_INFINITE_RECURSION = YES;
				CLANG_WARN_INT_CONVERSION = YES;
				CLANG_WARN_NON_LITERAL_NULL_CONVERSION = YES;
				CLANG_WARN_OBJC_IMPLICIT_RETAIN_SELF = YES;
				CLANG_WARN_OBJC_LITERAL_CONVERSION = YES;
				CLANG_WARN_OBJC_ROOT_CLASS = YES_ERROR;
				CLANG_WARN_QUOTED_INCLUDE_IN_FRAMEWORK_HEADER = YES;
				CLANG_WARN_RANGE_LOOP_ANALYSIS = YES;
				CLANG_WARN_STRICT_PROTOTYPES = YES;
				CLANG_WARN_SUSPICIOUS_MOVE = YES;
				CLANG_WARN_UNGUARDED_AVAILABILITY = YES_AGGRESSIVE;
				CLANG_WARN_UNREACHABLE_CODE = YES;
				CLANG_WARN__DUPLICATE_METHOD_MATCH = YES;
				COPY_PHASE_STRIP = NO;
				DEBUG_INFORMATION_FORMAT = dwarf;
				ENABLE_STRICT_OBJC_MSGSEND = YES;
				ENABLE_TESTABILITY = YES;
				GCC_C_LANGUAGE_STANDARD = gnu11;
				GCC_DYNAMIC_NO_PIC = NO;
				GCC_NO_COMMON_BLOCKS = YES;
				GCC_OPTIMIZATION_LEVEL = 0;
				GCC_PREPROCESSOR_DEFINITIONS = (
					"DEBUG=1",
					"$(inherited)",
				);
				GCC_WARN_64_TO_32_BIT_CONVERSION = YES;
				GCC_WARN_ABOUT_RETURN_TYPE = YES_ERROR;
				GCC_WARN_UNDECLARED_SELECTOR = YES;
				GCC_WARN_UNINITIALIZED_AUTOS = YES_AGGRESSIVE;
				GCC_WARN_UNUSED_FUNCTION = YES;
				GCC_WARN_UNUSED_VARIABLE = YES;
				IPHONEOS_DEPLOYMENT_TARGET = 16.4;
				MTL_ENABLE_DEBUG_INFO = INCLUDE_SOURCE;
				MTL_FAST_MATH = YES;
				ONLY_ACTIVE_ARCH = YES;
				SDKROOT = iphoneos;
				SWIFT_ACTIVE_COMPILATION_CONDITIONS = DEBUG;
				SWIFT_OPTIMIZATION_LEVEL = "-Onone";
			};
			name = Debug;
		};
		754DB3012A65225200FC12A8 /* Release */ = {
			isa = XCBuildConfiguration;
			buildSettings = {
				ALWAYS_SEARCH_USER_PATHS = NO;
				CLANG_ANALYZER_NONNULL = YES;
				CLANG_ANALYZER_NUMBER_OBJECT_CONVERSION = YES_AGGRESSIVE;
				CLANG_CXX_LANGUAGE_STANDARD = "gnu++20";
				CLANG_ENABLE_MODULES = YES;
				CLANG_ENABLE_OBJC_ARC = YES;
				CLANG_ENABLE_OBJC_WEAK = YES;
				CLANG_WARN_BLOCK_CAPTURE_AUTORELEASING = YES;
				CLANG_WARN_BOOL_CONVERSION = YES;
				CLANG_WARN_COMMA = YES;
				CLANG_WARN_CONSTANT_CONVERSION = YES;
				CLANG_WARN_DEPRECATED_OBJC_IMPLEMENTATIONS = YES;
				CLANG_WARN_DIRECT_OBJC_ISA_USAGE = YES_ERROR;
				CLANG_WARN_DOCUMENTATION_COMMENTS = YES;
				CLANG_WARN_EMPTY_BODY = YES;
				CLANG_WARN_ENUM_CONVERSION = YES;
				CLANG_WARN_INFINITE_RECURSION = YES;
				CLANG_WARN_INT_CONVERSION = YES;
				CLANG_WARN_NON_LITERAL_NULL_CONVERSION = YES;
				CLANG_WARN_OBJC_IMPLICIT_RETAIN_SELF = YES;
				CLANG_WARN_OBJC_LITERAL_CONVERSION = YES;
				CLANG_WARN_OBJC_ROOT_CLASS = YES_ERROR;
				CLANG_WARN_QUOTED_INCLUDE_IN_FRAMEWORK_HEADER = YES;
				CLANG_WARN_RANGE_LOOP_ANALYSIS = YES;
				CLANG_WARN_STRICT_PROTOTYPES = YES;
				CLANG_WARN_SUSPICIOUS_MOVE = YES;
				CLANG_WARN_UNGUARDED_AVAILABILITY = YES_AGGRESSIVE;
				CLANG_WARN_UNREACHABLE_CODE = YES;
				CLANG_WARN__DUPLICATE_METHOD_MATCH = YES;
				COPY_PHASE_STRIP = NO;
				DEBUG_INFORMATION_FORMAT = "dwarf-with-dsym";
				ENABLE_NS_ASSERTIONS = NO;
				ENABLE_STRICT_OBJC_MSGSEND = YES;
				GCC_C_LANGUAGE_STANDARD = gnu11;
				GCC_NO_COMMON_BLOCKS = YES;
				GCC_WARN_64_TO_32_BIT_CONVERSION = YES;
				GCC_WARN_ABOUT_RETURN_TYPE = YES_ERROR;
				GCC_WARN_UNDECLARED_SELECTOR = YES;
				GCC_WARN_UNINITIALIZED_AUTOS = YES_AGGRESSIVE;
				GCC_WARN_UNUSED_FUNCTION = YES;
				GCC_WARN_UNUSED_VARIABLE = YES;
				IPHONEOS_DEPLOYMENT_TARGET = 16.4;
				MTL_ENABLE_DEBUG_INFO = NO;
				MTL_FAST_MATH = YES;
				SDKROOT = iphoneos;
				SWIFT_COMPILATION_MODE = wholemodule;
				SWIFT_OPTIMIZATION_LEVEL = "-O";
				VALIDATE_PRODUCT = YES;
			};
			name = Release;
		};
		754DB3032A65225200FC12A8 /* Debug */ = {
			isa = XCBuildConfiguration;
			baseConfigurationReference = ECF7A898D431802BA7D4D9C4 /* Pods-FireChat.debug.xcconfig */;
			buildSettings = {
				ASSETCATALOG_COMPILER_APPICON_NAME = AppIcon;
				ASSETCATALOG_COMPILER_GLOBAL_ACCENT_COLOR_NAME = AccentColor;
				CODE_SIGN_STYLE = Automatic;
				CURRENT_PROJECT_VERSION = 1;
				DEVELOPMENT_TEAM = QKXUJ9425T;
				GENERATE_INFOPLIST_FILE = YES;
				INFOPLIST_FILE = FireChat/Info.plist;
				INFOPLIST_KEY_UIApplicationSupportsIndirectInputEvents = YES;
				INFOPLIST_KEY_UILaunchStoryboardName = LaunchScreen;
				INFOPLIST_KEY_UIMainStoryboardFile = Main;
				INFOPLIST_KEY_UISupportedInterfaceOrientations_iPad = "UIInterfaceOrientationPortrait UIInterfaceOrientationPortraitUpsideDown UIInterfaceOrientationLandscapeLeft UIInterfaceOrientationLandscapeRight";
				INFOPLIST_KEY_UISupportedInterfaceOrientations_iPhone = "UIInterfaceOrientationPortrait UIInterfaceOrientationLandscapeLeft UIInterfaceOrientationLandscapeRight";
				IPHONEOS_DEPLOYMENT_TARGET = 13.0;
				LD_RUNPATH_SEARCH_PATHS = (
					"$(inherited)",
					"@executable_path/Frameworks",
				);
				MARKETING_VERSION = 1.0;
				PRODUCT_BUNDLE_IDENTIFIER = Alerodca04.FireChat;
				PRODUCT_NAME = "$(TARGET_NAME)";
				SWIFT_EMIT_LOC_STRINGS = YES;
				SWIFT_VERSION = 5.0;
				TARGETED_DEVICE_FAMILY = "1,2";
			};
			name = Debug;
		};
		754DB3042A65225200FC12A8 /* Release */ = {
			isa = XCBuildConfiguration;
			baseConfigurationReference = D112CD7B2F0BE270D9567F32 /* Pods-FireChat.release.xcconfig */;
			buildSettings = {
				ASSETCATALOG_COMPILER_APPICON_NAME = AppIcon;
				ASSETCATALOG_COMPILER_GLOBAL_ACCENT_COLOR_NAME = AccentColor;
				CODE_SIGN_STYLE = Automatic;
				CURRENT_PROJECT_VERSION = 1;
				DEVELOPMENT_TEAM = QKXUJ9425T;
				GENERATE_INFOPLIST_FILE = YES;
				INFOPLIST_FILE = FireChat/Info.plist;
				INFOPLIST_KEY_UIApplicationSupportsIndirectInputEvents = YES;
				INFOPLIST_KEY_UILaunchStoryboardName = LaunchScreen;
				INFOPLIST_KEY_UIMainStoryboardFile = Main;
				INFOPLIST_KEY_UISupportedInterfaceOrientations_iPad = "UIInterfaceOrientationPortrait UIInterfaceOrientationPortraitUpsideDown UIInterfaceOrientationLandscapeLeft UIInterfaceOrientationLandscapeRight";
				INFOPLIST_KEY_UISupportedInterfaceOrientations_iPhone = "UIInterfaceOrientationPortrait UIInterfaceOrientationLandscapeLeft UIInterfaceOrientationLandscapeRight";
				IPHONEOS_DEPLOYMENT_TARGET = 13.0;
				LD_RUNPATH_SEARCH_PATHS = (
					"$(inherited)",
					"@executable_path/Frameworks",
				);
				MARKETING_VERSION = 1.0;
				PRODUCT_BUNDLE_IDENTIFIER = Alerodca04.FireChat;
				PRODUCT_NAME = "$(TARGET_NAME)";
				SWIFT_EMIT_LOC_STRINGS = YES;
				SWIFT_VERSION = 5.0;
				TARGETED_DEVICE_FAMILY = "1,2";
			};
			name = Release;
		};
		754DB3062A65225200FC12A8 /* Debug */ = {
			isa = XCBuildConfiguration;
			baseConfigurationReference = E1E7E54313437BE067674564 /* Pods-FireChatTests.debug.xcconfig */;
			buildSettings = {
				ALWAYS_EMBED_SWIFT_STANDARD_LIBRARIES = YES;
				BUNDLE_LOADER = "$(TEST_HOST)";
				CODE_SIGN_STYLE = Automatic;
				CURRENT_PROJECT_VERSION = 1;
				DEVELOPMENT_TEAM = QKXUJ9425T;
				GENERATE_INFOPLIST_FILE = YES;
				IPHONEOS_DEPLOYMENT_TARGET = 16.4;
				MARKETING_VERSION = 1.0;
				PRODUCT_BUNDLE_IDENTIFIER = Alerodca04.FireChatTests;
				PRODUCT_NAME = "$(TARGET_NAME)";
				SWIFT_EMIT_LOC_STRINGS = NO;
				SWIFT_VERSION = 5.0;
				TARGETED_DEVICE_FAMILY = "1,2";
				TEST_HOST = "$(BUILT_PRODUCTS_DIR)/FireChat.app/$(BUNDLE_EXECUTABLE_FOLDER_PATH)/FireChat";
			};
			name = Debug;
		};
		754DB3072A65225200FC12A8 /* Release */ = {
			isa = XCBuildConfiguration;
			baseConfigurationReference = B2E891741EE1E5FDF54298EA /* Pods-FireChatTests.release.xcconfig */;
			buildSettings = {
				ALWAYS_EMBED_SWIFT_STANDARD_LIBRARIES = YES;
				BUNDLE_LOADER = "$(TEST_HOST)";
				CODE_SIGN_STYLE = Automatic;
				CURRENT_PROJECT_VERSION = 1;
				DEVELOPMENT_TEAM = QKXUJ9425T;
				GENERATE_INFOPLIST_FILE = YES;
				IPHONEOS_DEPLOYMENT_TARGET = 16.4;
				MARKETING_VERSION = 1.0;
				PRODUCT_BUNDLE_IDENTIFIER = Alerodca04.FireChatTests;
				PRODUCT_NAME = "$(TARGET_NAME)";
				SWIFT_EMIT_LOC_STRINGS = NO;
				SWIFT_VERSION = 5.0;
				TARGETED_DEVICE_FAMILY = "1,2";
				TEST_HOST = "$(BUILT_PRODUCTS_DIR)/FireChat.app/$(BUNDLE_EXECUTABLE_FOLDER_PATH)/FireChat";
			};
			name = Release;
		};
		754DB3092A65225200FC12A8 /* Debug */ = {
			isa = XCBuildConfiguration;
			baseConfigurationReference = 39E0B9A046C5A32F16AFE490 /* Pods-FireChat-FireChatUITests.debug.xcconfig */;
			buildSettings = {
				ALWAYS_EMBED_SWIFT_STANDARD_LIBRARIES = YES;
				CODE_SIGN_STYLE = Automatic;
				CURRENT_PROJECT_VERSION = 1;
				DEVELOPMENT_TEAM = QKXUJ9425T;
				GENERATE_INFOPLIST_FILE = YES;
				MARKETING_VERSION = 1.0;
				PRODUCT_BUNDLE_IDENTIFIER = Alerodca04.FireChatUITests;
				PRODUCT_NAME = "$(TARGET_NAME)";
				SWIFT_EMIT_LOC_STRINGS = NO;
				SWIFT_VERSION = 5.0;
				TARGETED_DEVICE_FAMILY = "1,2";
				TEST_TARGET_NAME = FireChat;
			};
			name = Debug;
		};
		754DB30A2A65225200FC12A8 /* Release */ = {
			isa = XCBuildConfiguration;
			baseConfigurationReference = 59D991E2E20BCC34F00188B3 /* Pods-FireChat-FireChatUITests.release.xcconfig */;
			buildSettings = {
				ALWAYS_EMBED_SWIFT_STANDARD_LIBRARIES = YES;
				CODE_SIGN_STYLE = Automatic;
				CURRENT_PROJECT_VERSION = 1;
				DEVELOPMENT_TEAM = QKXUJ9425T;
				GENERATE_INFOPLIST_FILE = YES;
				MARKETING_VERSION = 1.0;
				PRODUCT_BUNDLE_IDENTIFIER = Alerodca04.FireChatUITests;
				PRODUCT_NAME = "$(TARGET_NAME)";
				SWIFT_EMIT_LOC_STRINGS = NO;
				SWIFT_VERSION = 5.0;
				TARGETED_DEVICE_FAMILY = "1,2";
				TEST_TARGET_NAME = FireChat;
			};
			name = Release;
		};
/* End XCBuildConfiguration section */

/* Begin XCConfigurationList section */
		754DB2D32A65225000FC12A8 /* Build configuration list for PBXProject "FireChat" */ = {
			isa = XCConfigurationList;
			buildConfigurations = (
				754DB3002A65225200FC12A8 /* Debug */,
				754DB3012A65225200FC12A8 /* Release */,
			);
			defaultConfigurationIsVisible = 0;
			defaultConfigurationName = Release;
		};
		754DB3022A65225200FC12A8 /* Build configuration list for PBXNativeTarget "FireChat" */ = {
			isa = XCConfigurationList;
			buildConfigurations = (
				754DB3032A65225200FC12A8 /* Debug */,
				754DB3042A65225200FC12A8 /* Release */,
			);
			defaultConfigurationIsVisible = 0;
			defaultConfigurationName = Release;
		};
		754DB3052A65225200FC12A8 /* Build configuration list for PBXNativeTarget "FireChatTests" */ = {
			isa = XCConfigurationList;
			buildConfigurations = (
				754DB3062A65225200FC12A8 /* Debug */,
				754DB3072A65225200FC12A8 /* Release */,
			);
			defaultConfigurationIsVisible = 0;
			defaultConfigurationName = Release;
		};
		754DB3082A65225200FC12A8 /* Build configuration list for PBXNativeTarget "FireChatUITests" */ = {
			isa = XCConfigurationList;
			buildConfigurations = (
				754DB3092A65225200FC12A8 /* Debug */,
				754DB30A2A65225200FC12A8 /* Release */,
			);
			defaultConfigurationIsVisible = 0;
			defaultConfigurationName = Release;
		};
/* End XCConfigurationList section */
	};
	rootObject = 754DB2D02A65225000FC12A8 /* Project object */;
}
